
Microsoft Visual Studio Solution File, Format Version 12.00
# Visual Studio 15
Project("{FAE04EC0-301F-11D3-BF4B-00C04F79EFBC}") = "Assembly-CSharp", "Assembly-CSharp.csproj", "{58DD8BA1-772A-E4F7-F47B-C9A10105D2E2}"
EndProject
Project("{FAE04EC0-301F-11D3-BF4B-00C04F79EFBC}") = "Assembly-CSharp-Editor", "Assembly-CSharp-Editor.csproj", "{202BAECD-16E3-0488-A6F1-62C539EDBBDB}"
EndProject
Global
	GlobalSection(SolutionConfigurationPlatforms) = preSolution
		Debug|Any CPU = Debug|Any CPU
		Release|Any CPU = Release|Any CPU
	EndGlobalSection
	GlobalSection(ProjectConfigurationPlatforms) = postSolution
		{58DD8BA1-772A-E4F7-F47B-C9A10105D2E2}.Debug|Any CPU.ActiveCfg = Debug|Any CPU
		{58DD8BA1-772A-E4F7-F47B-C9A10105D2E2}.Debug|Any CPU.Build.0 = Debug|Any CPU
		{58DD8BA1-772A-E4F7-F47B-C9A10105D2E2}.Release|Any CPU.ActiveCfg = Release|Any CPU
		{58DD8BA1-772A-E4F7-F47B-C9A10105D2E2}.Release|Any CPU.Build.0 = Release|Any CPU
		{202BAECD-16E3-0488-A6F1-62C539EDBBDB}.Debug|Any CPU.ActiveCfg = Debug|Any CPU
		{202BAECD-16E3-0488-A6F1-62C539EDBBDB}.Debug|Any CPU.Build.0 = Debug|Any CPU
		{202BAECD-16E3-0488-A6F1-62C539EDBBDB}.Release|Any CPU.ActiveCfg = Release|Any CPU
		{202BAECD-16E3-0488-A6F1-62C539EDBBDB}.Release|Any CPU.Build.0 = Release|Any CPU
	EndGlobalSection
	GlobalSection(SolutionProperties) = preSolution
		HideSolutionNode = FALSE
	EndGlobalSection
EndGlobal
